
Microsoft Visual Studio Solution File, Format Version 12.00
# Visual Studio Version 17
VisualStudioVersion = 17.4.33205.214
MinimumVisualStudioVersion = 10.0.40219.1
Project("{9A19103F-16F7-4668-BE54-9A1E7A4F7556}") = "AbstractFactory", "PatternsTest\AbstractFactory.csproj", "{21472637-DE4D-434D-B1D8-C3932F11190A}"
EndProject
Project("{9A19103F-16F7-4668-BE54-9A1E7A4F7556}") = "Factory", "Factory\Factory.csproj", "{EA3BD1F7-A9AA-403D-A0AD-29D3266017A3}"
EndProject
Project("{9A19103F-16F7-4668-BE54-9A1E7A4F7556}") = "Builder", "Builder\Builder.csproj", "{9B72DB16-E16F-4825-B36B-7D8EE92C0183}"
EndProject
Project("{9A19103F-16F7-4668-BE54-9A1E7A4F7556}") = "Singleton", "Singleton\Singleton.csproj", "{EF514AEB-59E8-4901-85CC-90EA88220B35}"
EndProject
Project("{9A19103F-16F7-4668-BE54-9A1E7A4F7556}") = "Prototype", "Prototype\Prototype.csproj", "{3C3B9390-0CD8-4A8A-9F57-75F9F6ED17BC}"
EndProject
Project("{9A19103F-16F7-4668-BE54-9A1E7A4F7556}") = "Adapter", "Adapter\Adapter.csproj", "{89A36578-66F3-4F8E-8997-70097115F319}"
EndProject
Project("{9A19103F-16F7-4668-BE54-9A1E7A4F7556}") = "Bridge", "Bridge\Bridge.csproj", "{6F765EC5-E131-402D-A266-DA06EFC7FFF0}"
EndProject
Project("{9A19103F-16F7-4668-BE54-9A1E7A4F7556}") = "Composite", "Composite\Composite.csproj", "{75EE30D8-BB1E-4B2F-8C31-656571841E34}"
EndProject
Project("{9A19103F-16F7-4668-BE54-9A1E7A4F7556}") = "Facade", "Facade\Facade.csproj", "{E99CDAC2-FA9F-476A-8BC4-C06692F36424}"
EndProject
Project("{9A19103F-16F7-4668-BE54-9A1E7A4F7556}") = "Flyweight", "Flyweight\Flyweight.csproj", "{D21480F8-DA10-49F4-B299-EFDAE5C1DE04}"
EndProject
Project("{9A19103F-16F7-4668-BE54-9A1E7A4F7556}") = "Decorator", "Decorator\Decorator.csproj", "{3DA27EAD-3575-4774-8C80-19CDA957E60F}"
EndProject
Project("{9A19103F-16F7-4668-BE54-9A1E7A4F7556}") = "Proxy", "Proxy\Proxy.csproj", "{D4C097CC-16BA-4188-B154-93526654C046}"
EndProject
Project("{9A19103F-16F7-4668-BE54-9A1E7A4F7556}") = "Iterator", "Iterator\Iterator.csproj", "{C804E4B7-971B-492E-B770-EDEE8D32573A}"
EndProject
Project("{FAE04EC0-301F-11D3-BF4B-00C04F79EFBC}") = "CoR", "CoR\CoR.csproj", "{71F0583F-F4AE-4AE3-9037-22CB662E6233}"
EndProject
Global
	GlobalSection(SolutionConfigurationPlatforms) = preSolution
		Debug|Any CPU = Debug|Any CPU
		Release|Any CPU = Release|Any CPU
	EndGlobalSection
	GlobalSection(ProjectConfigurationPlatforms) = postSolution
		{21472637-DE4D-434D-B1D8-C3932F11190A}.Debug|Any CPU.ActiveCfg = Debug|Any CPU
		{21472637-DE4D-434D-B1D8-C3932F11190A}.Debug|Any CPU.Build.0 = Debug|Any CPU
		{21472637-DE4D-434D-B1D8-C3932F11190A}.Release|Any CPU.ActiveCfg = Release|Any CPU
		{21472637-DE4D-434D-B1D8-C3932F11190A}.Release|Any CPU.Build.0 = Release|Any CPU
		{EA3BD1F7-A9AA-403D-A0AD-29D3266017A3}.Debug|Any CPU.ActiveCfg = Debug|Any CPU
		{EA3BD1F7-A9AA-403D-A0AD-29D3266017A3}.Debug|Any CPU.Build.0 = Debug|Any CPU
		{EA3BD1F7-A9AA-403D-A0AD-29D3266017A3}.Release|Any CPU.ActiveCfg = Release|Any CPU
		{EA3BD1F7-A9AA-403D-A0AD-29D3266017A3}.Release|Any CPU.Build.0 = Release|Any CPU
		{9B72DB16-E16F-4825-B36B-7D8EE92C0183}.Debug|Any CPU.ActiveCfg = Debug|Any CPU
		{9B72DB16-E16F-4825-B36B-7D8EE92C0183}.Debug|Any CPU.Build.0 = Debug|Any CPU
		{9B72DB16-E16F-4825-B36B-7D8EE92C0183}.Release|Any CPU.ActiveCfg = Release|Any CPU
		{9B72DB16-E16F-4825-B36B-7D8EE92C0183}.Release|Any CPU.Build.0 = Release|Any CPU
		{EF514AEB-59E8-4901-85CC-90EA88220B35}.Debug|Any CPU.ActiveCfg = Debug|Any CPU
		{EF514AEB-59E8-4901-85CC-90EA88220B35}.Debug|Any CPU.Build.0 = Debug|Any CPU
		{EF514AEB-59E8-4901-85CC-90EA88220B35}.Release|Any CPU.ActiveCfg = Release|Any CPU
		{EF514AEB-59E8-4901-85CC-90EA88220B35}.Release|Any CPU.Build.0 = Release|Any CPU
		{3C3B9390-0CD8-4A8A-9F57-75F9F6ED17BC}.Debug|Any CPU.ActiveCfg = Debug|Any CPU
		{3C3B9390-0CD8-4A8A-9F57-75F9F6ED17BC}.Debug|Any CPU.Build.0 = Debug|Any CPU
		{3C3B9390-0CD8-4A8A-9F57-75F9F6ED17BC}.Release|Any CPU.ActiveCfg = Release|Any CPU
		{3C3B9390-0CD8-4A8A-9F57-75F9F6ED17BC}.Release|Any CPU.Build.0 = Release|Any CPU
		{89A36578-66F3-4F8E-8997-70097115F319}.Debug|Any CPU.ActiveCfg = Debug|Any CPU
		{89A36578-66F3-4F8E-8997-70097115F319}.Debug|Any CPU.Build.0 = Debug|Any CPU
		{89A36578-66F3-4F8E-8997-70097115F319}.Release|Any CPU.ActiveCfg = Release|Any CPU
		{89A36578-66F3-4F8E-8997-70097115F319}.Release|Any CPU.Build.0 = Release|Any CPU
		{6F765EC5-E131-402D-A266-DA06EFC7FFF0}.Debug|Any CPU.ActiveCfg = Debug|Any CPU
		{6F765EC5-E131-402D-A266-DA06EFC7FFF0}.Debug|Any CPU.Build.0 = Debug|Any CPU
		{6F765EC5-E131-402D-A266-DA06EFC7FFF0}.Release|Any CPU.ActiveCfg = Release|Any CPU
		{6F765EC5-E131-402D-A266-DA06EFC7FFF0}.Release|Any CPU.Build.0 = Release|Any CPU
		{75EE30D8-BB1E-4B2F-8C31-656571841E34}.Debug|Any CPU.ActiveCfg = Debug|Any CPU
		{75EE30D8-BB1E-4B2F-8C31-656571841E34}.Debug|Any CPU.Build.0 = Debug|Any CPU
		{75EE30D8-BB1E-4B2F-8C31-656571841E34}.Release|Any CPU.ActiveCfg = Release|Any CPU
		{75EE30D8-BB1E-4B2F-8C31-656571841E34}.Release|Any CPU.Build.0 = Release|Any CPU
		{E99CDAC2-FA9F-476A-8BC4-C06692F36424}.Debug|Any CPU.ActiveCfg = Debug|Any CPU
		{E99CDAC2-FA9F-476A-8BC4-C06692F36424}.Debug|Any CPU.Build.0 = Debug|Any CPU
		{E99CDAC2-FA9F-476A-8BC4-C06692F36424}.Release|Any CPU.ActiveCfg = Release|Any CPU
		{E99CDAC2-FA9F-476A-8BC4-C06692F36424}.Release|Any CPU.Build.0 = Release|Any CPU
		{D21480F8-DA10-49F4-B299-EFDAE5C1DE04}.Debug|Any CPU.ActiveCfg = Debug|Any CPU
		{D21480F8-DA10-49F4-B299-EFDAE5C1DE04}.Debug|Any CPU.Build.0 = Debug|Any CPU
		{D21480F8-DA10-49F4-B299-EFDAE5C1DE04}.Release|Any CPU.ActiveCfg = Release|Any CPU
		{D21480F8-DA10-49F4-B299-EFDAE5C1DE04}.Release|Any CPU.Build.0 = Release|Any CPU
		{3DA27EAD-3575-4774-8C80-19CDA957E60F}.Debug|Any CPU.ActiveCfg = Debug|Any CPU
		{3DA27EAD-3575-4774-8C80-19CDA957E60F}.Debug|Any CPU.Build.0 = Debug|Any CPU
		{3DA27EAD-3575-4774-8C80-19CDA957E60F}.Release|Any CPU.ActiveCfg = Release|Any CPU
		{3DA27EAD-3575-4774-8C80-19CDA957E60F}.Release|Any CPU.Build.0 = Release|Any CPU
		{D4C097CC-16BA-4188-B154-93526654C046}.Debug|Any CPU.ActiveCfg = Debug|Any CPU
		{D4C097CC-16BA-4188-B154-93526654C046}.Debug|Any CPU.Build.0 = Debug|Any CPU
		{D4C097CC-16BA-4188-B154-93526654C046}.Release|Any CPU.ActiveCfg = Release|Any CPU
		{D4C097CC-16BA-4188-B154-93526654C046}.Release|Any CPU.Build.0 = Release|Any CPU
		{C804E4B7-971B-492E-B770-EDEE8D32573A}.Debug|Any CPU.ActiveCfg = Debug|Any CPU
		{C804E4B7-971B-492E-B770-EDEE8D32573A}.Debug|Any CPU.Build.0 = Debug|Any CPU
		{C804E4B7-971B-492E-B770-EDEE8D32573A}.Release|Any CPU.ActiveCfg = Release|Any CPU
		{C804E4B7-971B-492E-B770-EDEE8D32573A}.Release|Any CPU.Build.0 = Release|Any CPU
		{71F0583F-F4AE-4AE3-9037-22CB662E6233}.Debug|Any CPU.ActiveCfg = Debug|Any CPU
		{71F0583F-F4AE-4AE3-9037-22CB662E6233}.Debug|Any CPU.Build.0 = Debug|Any CPU
		{71F0583F-F4AE-4AE3-9037-22CB662E6233}.Release|Any CPU.ActiveCfg = Release|Any CPU
		{71F0583F-F4AE-4AE3-9037-22CB662E6233}.Release|Any CPU.Build.0 = Release|Any CPU
	EndGlobalSection
	GlobalSection(SolutionProperties) = preSolution
		HideSolutionNode = FALSE
	EndGlobalSection
	GlobalSection(ExtensibilityGlobals) = postSolution
		SolutionGuid = {460D1D5A-90DC-4A38-BCBC-0737BF7B8672}
	EndGlobalSection
EndGlobal
